Microsoft Visual Studio Solution File, Format Version 12.00
# Visual Studio Version 17
VisualStudioVersion = 17.0.31903.59
MinimumVisualStudioVersion = 10.0.40219.1
Project("{FAE04EC0-301F-11D3-BF4B-00C04F79EFBC}") = "Shipstone.AspNetCoreTest", "tests\Shipstone.AspNetCoreTest.csproj", "{40CA189C-5A14-4AE6-A797-089E7FA91AEE}"
EndProject
Project("{FAE04EC0-301F-11D3-BF4B-00C04F79EFBC}") = "Shipstone.AspNetCore", "src\Shipstone.AspNetCore.csproj", "{292899B7-E037-4FA7-939E-5F5DC07358CD}"
EndProject

Global
	GlobalSection(SolutionConfigurationPlatforms) = preSolution
		Debug|Any CPU = Debug|Any CPU
		Release|Any CPU = Release|Any CPU
	EndGlobalSection

	GlobalSection(SolutionProperties) = preSolution
		HideSolutionNode = FALSE
	EndGlobalSection

	GlobalSection(ProjectConfigurationPlatforms) = postSolution
		{40CA189C-5A14-4AE6-A797-089E7FA91AEE}.Debug|Any CPU.ActiveCfg = Debug|Any CPU
		{40CA189C-5A14-4AE6-A797-089E7FA91AEE}.Debug|Any CPU.Build.0 = Debug|Any CPU
		{40CA189C-5A14-4AE6-A797-089E7FA91AEE}.Release|Any CPU.ActiveCfg = Release|Any CPU
		{40CA189C-5A14-4AE6-A797-089E7FA91AEE}.Release|Any CPU.Build.0 = Release|Any CPU
		{292899B7-E037-4FA7-939E-5F5DC07358CD}.Debug|Any CPU.ActiveCfg = Debug|Any CPU
		{292899B7-E037-4FA7-939E-5F5DC07358CD}.Debug|Any CPU.Build.0 = Debug|Any CPU
		{292899B7-E037-4FA7-939E-5F5DC07358CD}.Release|Any CPU.ActiveCfg = Release|Any CPU
		{292899B7-E037-4FA7-939E-5F5DC07358CD}.Release|Any CPU.Build.0 = Release|Any CPU
	EndGlobalSection
EndGlobal
